{
  "name": "devops-24-25-1241907",
  "lockfileVersion": 3,
  "requires": true,
  "packages": {
    "": {
      "dependencies": {
        "dictionary-en": "^4.0.0",
        "dictionary-pt-pt": "^2.0.0"
      }
    },
    "node_modules/dictionary-en": {
      "version": "4.0.0",
      "resolved": "https://registry.npmjs.org/dictionary-en/-/dictionary-en-4.0.0.tgz",
      "integrity": "sha512-3NHnE1uq33ZE/CIwaZ6gqxa4BnglHnxeAcTM0GJ7cmtRGcvX9InMK/IqLtYcUMFCUpUNgybH+DzkqdgAo3F1zg==",
      "license": "(MIT AND BSD)",
      "funding": {
        "type": "github",
        "url": "https://github.com/sponsors/wooorm"
      }
    },
    "node_modules/dictionary-pt-pt": {
      "version": "2.0.0",
      "resolved": "https://registry.npmjs.org/dictionary-pt-pt/-/dictionary-pt-pt-2.0.0.tgz",
      "integrity": "sha512-N44fxg2uDhF71Ql20zpe6BpdMlVkOT7oyjltuOhRwb2mx2SX3CJ/lqUE6+/HKZdqaxggqNbM/qv02a+Sa1XQiA==",
      "license": "(GPL-2.0 OR LGPL-2.1 OR MPL-1.1)",
      "funding": {
        "type": "github",
        "url": "https://github.com/sponsors/wooorm"
      }
    }
  }
}
